{
  "name": "jiosaavn",
  "version": "0.1.2",
  "lockfileVersion": 1,
  "requires": true,
  "dependencies": {
    "@primer/octicons-react": {
      "version": "10.1.0",
      "resolved": "https://registry.npmjs.org/@primer/octicons-react/-/octicons-react-10.1.0.tgz",
      "integrity": "sha512-WjIaetTaf4x66xxaG/gxwsWRL2JYG33n8CfeR/L134YcX2zl9TPps9crLzI2f3rxjOdKZgVFBoUh94Cim4Fflw=="
    }
  }
}
